// !$*UTF8*$!
{
	archiveVersion = 1;
	classes = {
	};
	objectVersion = 77;
	objects = {

/* Begin PBXBuildFile section */
		11813DB88D9FDBBCC66252E8 /* Assets.xcassets in Resources */ = {isa = PBXBuildFile; fileRef = A78AF6770F611F7F31CF4D1B /* Assets.xcassets */; };
		17C313E7A207D5DAAB7589CE /* PlacesViewModel.swift in Sources */ = {isa = PBXBuildFile; fileRef = D059ECE57755E006F6C4B02E /* PlacesViewModel.swift */; };
		1E8AC12AF934A9E2AF3EE135 /* Place.swift in Sources */ = {isa = PBXBuildFile; fileRef = 93164504E282D88889FC4829 /* Place.swift */; };
		230254735C726C149D146804 /* PlaceNotesApp.swift in Sources */ = {isa = PBXBuildFile; fileRef = B7230CD66A02224B82BC6707 /* PlaceNotesApp.swift */; };
		2DF905E0E548F1BB7C01D37C /* TrackingViewModel.swift in Sources */ = {isa = PBXBuildFile; fileRef = 98000E46B51D457FEBDDC26C /* TrackingViewModel.swift */; };
		461FCC2CB7B62DD86415869B /* Visit.swift in Sources */ = {isa = PBXBuildFile; fileRef = 017C923FF1E94C23F4259EBF /* Visit.swift */; };
		77D965A91B2B985AE18351C7 /* TrackingState.swift in Sources */ = {isa = PBXBuildFile; fileRef = 680B87EF5F6FE75F80CFB62C /* TrackingState.swift */; };
		78004E4F4505264F6D3F3096 /* ContentView.swift in Sources */ = {isa = PBXBuildFile; fileRef = 9523AC78443EF3503219C574 /* ContentView.swift */; };
		7BA4FB3261BD166CE07A796F /* LocationManager.swift in Sources */ = {isa = PBXBuildFile; fileRef = 1E1C60A3FA5C4BD762539403 /* LocationManager.swift */; };
		8812136128EFF26ED5D9A735 /* SettingsView.swift in Sources */ = {isa = PBXBuildFile; fileRef = A69A95B6D28F7EFD7D40D0E2 /* SettingsView.swift */; };
		8B84F784A2DE139248374B20 /* TrackingControlView.swift in Sources */ = {isa = PBXBuildFile; fileRef = 99C8DFEEA50CA29D0DDD8710 /* TrackingControlView.swift */; };
		98E4E74C8329DE5738174B8C /* NotificationManager.swift in Sources */ = {isa = PBXBuildFile; fileRef = 873EAA304CCB57BCEE506E9D /* NotificationManager.swift */; };
		A30E9AF1AF144D23983E04A3 /* ReportView.swift in Sources */ = {isa = PBXBuildFile; fileRef = 4288B0588E7EF4BEADBA9217 /* ReportView.swift */; };
		B58B0B911225FC0AD9609D96 /* FrequentPlacesMapView.swift in Sources */ = {isa = PBXBuildFile; fileRef = 1854DAFDD7090503E1E9F021 /* FrequentPlacesMapView.swift */; };
		C09EF3432A9C6208491E8CA8 /* TrackingManager.swift in Sources */ = {isa = PBXBuildFile; fileRef = 60FCC6F85D494291768E44B5 /* TrackingManager.swift */; };
		C2A168620AAAAFBCBE6AFA95 /* ReportViewModel.swift in Sources */ = {isa = PBXBuildFile; fileRef = 9C04D1893703F17B675FA98C /* ReportViewModel.swift */; };
		D1F207E36F8AE661B30C32FF /* FrequentPlacesView.swift in Sources */ = {isa = PBXBuildFile; fileRef = D4981FAEAD9D47BEEBE43747 /* FrequentPlacesView.swift */; };
		D5996AE3FCFD0BE3AB1B3971 /* AppSettings.swift in Sources */ = {isa = PBXBuildFile; fileRef = 56A0BCF4D47A94B15CD81016 /* AppSettings.swift */; };
		E81DE4EDE188CC2FAC039355 /* ReportGenerator.swift in Sources */ = {isa = PBXBuildFile; fileRef = 983EE1172C570F40450C1037 /* ReportGenerator.swift */; };
/* End PBXBuildFile section */

/* Begin PBXFileReference section */
		017C923FF1E94C23F4259EBF /* Visit.swift */ = {isa = PBXFileReference; lastKnownFileType = sourcecode.swift; path = Visit.swift; sourceTree = "<group>"; };
		1854DAFDD7090503E1E9F021 /* FrequentPlacesMapView.swift */ = {isa = PBXFileReference; lastKnownFileType = sourcecode.swift; path = FrequentPlacesMapView.swift; sourceTree = "<group>"; };
		18A100F6EC7AC85F5E35A893 /* Info.plist */ = {isa = PBXFileReference; lastKnownFileType = text.plist; path = Info.plist; sourceTree = "<group>"; };
		1E1C60A3FA5C4BD762539403 /* LocationManager.swift */ = {isa = PBXFileReference; lastKnownFileType = sourcecode.swift; path = LocationManager.swift; sourceTree = "<group>"; };
		3EEF317FAF8718A274DAA730 /* PlaceNotes.entitlements */ = {isa = PBXFileReference; lastKnownFileType = text.plist.entitlements; path = PlaceNotes.entitlements; sourceTree = "<group>"; };
		4288B0588E7EF4BEADBA9217 /* ReportView.swift */ = {isa = PBXFileReference; lastKnownFileType = sourcecode.swift; path = ReportView.swift; sourceTree = "<group>"; };
		4CEE6366B3C791FDEE9854AD /* PlaceNotes.app */ = {isa = PBXFileReference; explicitFileType = wrapper.application; includeInIndex = 0; path = PlaceNotes.app; sourceTree = BUILT_PRODUCTS_DIR; };
		56A0BCF4D47A94B15CD81016 /* AppSettings.swift */ = {isa = PBXFileReference; lastKnownFileType = sourcecode.swift; path = AppSettings.swift; sourceTree = "<group>"; };
		60FCC6F85D494291768E44B5 /* TrackingManager.swift */ = {isa = PBXFileReference; lastKnownFileType = sourcecode.swift; path = TrackingManager.swift; sourceTree = "<group>"; };
		680B87EF5F6FE75F80CFB62C /* TrackingState.swift */ = {isa = PBXFileReference; lastKnownFileType = sourcecode.swift; path = TrackingState.swift; sourceTree = "<group>"; };
		873EAA304CCB57BCEE506E9D /* NotificationManager.swift */ = {isa = PBXFileReference; lastKnownFileType = sourcecode.swift; path = NotificationManager.swift; sourceTree = "<group>"; };
		93164504E282D88889FC4829 /* Place.swift */ = {isa = PBXFileReference; lastKnownFileType = sourcecode.swift; path = Place.swift; sourceTree = "<group>"; };
		9523AC78443EF3503219C574 /* ContentView.swift */ = {isa = PBXFileReference; lastKnownFileType = sourcecode.swift; path = ContentView.swift; sourceTree = "<group>"; };
		98000E46B51D457FEBDDC26C /* TrackingViewModel.swift */ = {isa = PBXFileReference; lastKnownFileType = sourcecode.swift; path = TrackingViewModel.swift; sourceTree = "<group>"; };
		983EE1172C570F40450C1037 /* ReportGenerator.swift */ = {isa = PBXFileReference; lastKnownFileType = sourcecode.swift; path = ReportGenerator.swift; sourceTree = "<group>"; };
		99C8DFEEA50CA29D0DDD8710 /* TrackingControlView.swift */ = {isa = PBXFileReference; lastKnownFileType = sourcecode.swift; path = TrackingControlView.swift; sourceTree = "<group>"; };
		9C04D1893703F17B675FA98C /* ReportViewModel.swift */ = {isa = PBXFileReference; lastKnownFileType = sourcecode.swift; path = ReportViewModel.swift; sourceTree = "<group>"; };
		A69A95B6D28F7EFD7D40D0E2 /* SettingsView.swift */ = {isa = PBXFileReference; lastKnownFileType = sourcecode.swift; path = SettingsView.swift; sourceTree = "<group>"; };
		A78AF6770F611F7F31CF4D1B /* Assets.xcassets */ = {isa = PBXFileReference; lastKnownFileType = folder.assetcatalog; path = Assets.xcassets; sourceTree = "<group>"; };
		B7230CD66A02224B82BC6707 /* PlaceNotesApp.swift */ = {isa = PBXFileReference; lastKnownFileType = sourcecode.swift; path = PlaceNotesApp.swift; sourceTree = "<group>"; };
		D059ECE57755E006F6C4B02E /* PlacesViewModel.swift */ = {isa = PBXFileReference; lastKnownFileType = sourcecode.swift; path = PlacesViewModel.swift; sourceTree = "<group>"; };
		D4981FAEAD9D47BEEBE43747 /* FrequentPlacesView.swift */ = {isa = PBXFileReference; lastKnownFileType = sourcecode.swift; path = FrequentPlacesView.swift; sourceTree = "<group>"; };
/* End PBXFileReference section */

/* Begin PBXGroup section */
		41B38B5C4F7AAE43638F95E5 /* ViewModels */ = {
			isa = PBXGroup;
			children = (
				D059ECE57755E006F6C4B02E /* PlacesViewModel.swift */,
				9C04D1893703F17B675FA98C /* ReportViewModel.swift */,
				98000E46B51D457FEBDDC26C /* TrackingViewModel.swift */,
			);
			path = ViewModels;
			sourceTree = "<group>";
		};
		583684D9EB6CD3268F858DFB /* Services */ = {
			isa = PBXGroup;
			children = (
				1E1C60A3FA5C4BD762539403 /* LocationManager.swift */,
				873EAA304CCB57BCEE506E9D /* NotificationManager.swift */,
				983EE1172C570F40450C1037 /* ReportGenerator.swift */,
				60FCC6F85D494291768E44B5 /* TrackingManager.swift */,
			);
			path = Services;
			sourceTree = "<group>";
		};
		9769ECDAF42B6EE7565AC667 /* Models */ = {
			isa = PBXGroup;
			children = (
				56A0BCF4D47A94B15CD81016 /* AppSettings.swift */,
				93164504E282D88889FC4829 /* Place.swift */,
				680B87EF5F6FE75F80CFB62C /* TrackingState.swift */,
				017C923FF1E94C23F4259EBF /* Visit.swift */,
			);
			path = Models;
			sourceTree = "<group>";
		};
		ACEEDCB7B08E709505EBE2BE /* Views */ = {
			isa = PBXGroup;
			children = (
				9523AC78443EF3503219C574 /* ContentView.swift */,
				1854DAFDD7090503E1E9F021 /* FrequentPlacesMapView.swift */,
				D4981FAEAD9D47BEEBE43747 /* FrequentPlacesView.swift */,
				4288B0588E7EF4BEADBA9217 /* ReportView.swift */,
				A69A95B6D28F7EFD7D40D0E2 /* SettingsView.swift */,
				99C8DFEEA50CA29D0DDD8710 /* TrackingControlView.swift */,
			);
			path = Views;
			sourceTree = "<group>";
		};
		CF3784061153338FEB3B914F = {
			isa = PBXGroup;
			children = (
				FEFF1BEF1032123534638E2D /* PlaceNotes */,
				ED80053859C6C942A39EA187 /* Products */,
			);
			sourceTree = "<group>";
		};
		ED80053859C6C942A39EA187 /* Products */ = {
			isa = PBXGroup;
			children = (
				4CEE6366B3C791FDEE9854AD /* PlaceNotes.app */,
			);
			name = Products;
			sourceTree = "<group>";
		};
		FEFF1BEF1032123534638E2D /* PlaceNotes */ = {
			isa = PBXGroup;
			children = (
				A78AF6770F611F7F31CF4D1B /* Assets.xcassets */,
				18A100F6EC7AC85F5E35A893 /* Info.plist */,
				3EEF317FAF8718A274DAA730 /* PlaceNotes.entitlements */,
				B7230CD66A02224B82BC6707 /* PlaceNotesApp.swift */,
				9769ECDAF42B6EE7565AC667 /* Models */,
				583684D9EB6CD3268F858DFB /* Services */,
				41B38B5C4F7AAE43638F95E5 /* ViewModels */,
				ACEEDCB7B08E709505EBE2BE /* Views */,
			);
			path = PlaceNotes;
			sourceTree = "<group>";
		};
/* End PBXGroup section */

/* Begin PBXNativeTarget section */
		68C860A2D2BAD0AC1F73735E /* PlaceNotes */ = {
			isa = PBXNativeTarget;
			buildConfigurationList = 4395887B2381E00BFEA0BE06 /* Build configuration list for PBXNativeTarget "PlaceNotes" */;
			buildPhases = (
				F1DF7DD31282541518B0E95B /* Sources */,
				7BB0D4C7B66B09007271AAAA /* Resources */,
			);
			buildRules = (
			);
			dependencies = (
			);
			name = PlaceNotes;
			packageProductDependencies = (
			);
			productName = PlaceNotes;
			productReference = 4CEE6366B3C791FDEE9854AD /* PlaceNotes.app */;
			productType = "com.apple.product-type.application";
		};
/* End PBXNativeTarget section */

/* Begin PBXProject section */
		3A8DA864C14EEF5EC75A0F91 /* Project object */ = {
			isa = PBXProject;
			attributes = {
				BuildIndependentTargetsInParallel = YES;
				LastUpgradeCheck = 2630;
			};
			buildConfigurationList = CFA25DC04787B43912192604 /* Build configuration list for PBXProject "PlaceNotes" */;
			developmentRegion = en;
			hasScannedForEncodings = 0;
			knownRegions = (
				Base,
				en,
			);
			mainGroup = CF3784061153338FEB3B914F;
			minimizedProjectReferenceProxies = 1;
			preferredProjectObjectVersion = 77;
			productRefGroup = ED80053859C6C942A39EA187 /* Products */;
			projectDirPath = "";
			projectRoot = "";
			targets = (
				68C860A2D2BAD0AC1F73735E /* PlaceNotes */,
			);
		};
/* End PBXProject section */

/* Begin PBXResourcesBuildPhase section */
		7BB0D4C7B66B09007271AAAA /* Resources */ = {
			isa = PBXResourcesBuildPhase;
			buildActionMask = 2147483647;
			files = (
				11813DB88D9FDBBCC66252E8 /* Assets.xcassets in Resources */,
			);
			runOnlyForDeploymentPostprocessing = 0;
		};
/* End PBXResourcesBuildPhase section */

/* Begin PBXSourcesBuildPhase section */
		F1DF7DD31282541518B0E95B /* Sources */ = {
			isa = PBXSourcesBuildPhase;
			buildActionMask = 2147483647;
			files = (
				D5996AE3FCFD0BE3AB1B3971 /* AppSettings.swift in Sources */,
				78004E4F4505264F6D3F3096 /* ContentView.swift in Sources */,
				B58B0B911225FC0AD9609D96 /* FrequentPlacesMapView.swift in Sources */,
				D1F207E36F8AE661B30C32FF /* FrequentPlacesView.swift in Sources */,
				7BA4FB3261BD166CE07A796F /* LocationManager.swift in Sources */,
				98E4E74C8329DE5738174B8C /* NotificationManager.swift in Sources */,
				1E8AC12AF934A9E2AF3EE135 /* Place.swift in Sources */,
				230254735C726C149D146804 /* PlaceNotesApp.swift in Sources */,
				17C313E7A207D5DAAB7589CE /* PlacesViewModel.swift in Sources */,
				E81DE4EDE188CC2FAC039355 /* ReportGenerator.swift in Sources */,
				A30E9AF1AF144D23983E04A3 /* ReportView.swift in Sources */,
				C2A168620AAAAFBCBE6AFA95 /* ReportViewModel.swift in Sources */,
				8812136128EFF26ED5D9A735 /* SettingsView.swift in Sources */,
				8B84F784A2DE139248374B20 /* TrackingControlView.swift in Sources */,
				C09EF3432A9C6208491E8CA8 /* TrackingManager.swift in Sources */,
				77D965A91B2B985AE18351C7 /* TrackingState.swift in Sources */,
				2DF905E0E548F1BB7C01D37C /* TrackingViewModel.swift in Sources */,
				461FCC2CB7B62DD86415869B /* Visit.swift in Sources */,
			);
			runOnlyForDeploymentPostprocessing = 0;
		};
/* End PBXSourcesBuildPhase section */

/* Begin XCBuildConfiguration section */
		251014A11C94736A381A2B98 /* Release */ = {
			isa = XCBuildConfiguration;
			buildSettings = {
				ALWAYS_SEARCH_USER_PATHS = NO;
				CLANG_ANALYZER_NONNULL = YES;
				CLANG_ANALYZER_NUMBER_OBJECT_CONVERSION = YES_AGGRESSIVE;
				CLANG_CXX_LANGUAGE_STANDARD = "gnu++14";
				CLANG_CXX_LIBRARY = "libc++";
				CLANG_ENABLE_MODULES = YES;
				CLANG_ENABLE_OBJC_ARC = YES;
				CLANG_ENABLE_OBJC_WEAK = YES;
				CLANG_WARN_BLOCK_CAPTURE_AUTORELEASING = YES;
				CLANG_WARN_BOOL_CONVERSION = YES;
				CLANG_WARN_COMMA = YES;
				CLANG_WARN_CONSTANT_CONVERSION = YES;
				CLANG_WARN_DEPRECATED_OBJC_IMPLEMENTATIONS = YES;
				CLANG_WARN_DIRECT_OBJC_ISA_USAGE = YES_ERROR;
				CLANG_WARN_DOCUMENTATION_COMMENTS = YES;
				CLANG_WARN_EMPTY_BODY = YES;
				CLANG_WARN_ENUM_CONVERSION = YES;
				CLANG_WARN_INFINITE_RECURSION = YES;
				CLANG_WARN_INT_CONVERSION = YES;
				CLANG_WARN_NON_LITERAL_NULL_CONVERSION = YES;
				CLANG_WARN_OBJC_IMPLICIT_RETAIN_SELF = YES;
				CLANG_WARN_OBJC_LITERAL_CONVERSION = YES;
				CLANG_WARN_OBJC_ROOT_CLASS = YES_ERROR;
				CLANG_WARN_QUOTED_INCLUDE_IN_FRAMEWORK_HEADER = YES;
				CLANG_WARN_RANGE_LOOP_ANALYSIS = YES;
				CLANG_WARN_STRICT_PROTOTYPES = YES;
				CLANG_WARN_SUSPICIOUS_MOVE = YES;
				CLANG_WARN_UNGUARDED_AVAILABILITY = YES_AGGRESSIVE;
				CLANG_WARN_UNREACHABLE_CODE = YES;
				CLANG_WARN__DUPLICATE_METHOD_MATCH = YES;
				COPY_PHASE_STRIP = NO;
				DEBUG_INFORMATION_FORMAT = "dwarf-with-dsym";
				ENABLE_NS_ASSERTIONS = NO;
				ENABLE_STRICT_OBJC_MSGSEND = YES;
				ENABLE_USER_SCRIPT_SANDBOXING = YES;
				GCC_C_LANGUAGE_STANDARD = gnu11;
				GCC_NO_COMMON_BLOCKS = YES;
				GCC_WARN_64_TO_32_BIT_CONVERSION = YES;
				GCC_WARN_ABOUT_RETURN_TYPE = YES_ERROR;
				GCC_WARN_UNDECLARED_SELECTOR = YES;
				GCC_WARN_UNINITIALIZED_AUTOS = YES_AGGRESSIVE;
				GCC_WARN_UNUSED_FUNCTION = YES;
				GCC_WARN_UNUSED_VARIABLE = YES;
				IPHONEOS_DEPLOYMENT_TARGET = 17.0;
				MTL_ENABLE_DEBUG_INFO = NO;
				MTL_FAST_MATH = YES;
				PRODUCT_NAME = "$(TARGET_NAME)";
				SDKROOT = iphoneos;
				STRING_CATALOG_GENERATE_SYMBOLS = YES;
				SWIFT_COMPILATION_MODE = wholemodule;
				SWIFT_OPTIMIZATION_LEVEL = "-O";
				SWIFT_VERSION = 5.9;
				TARGETED_DEVICE_FAMILY = "1,2";
			};
			name = Release;
		};
		5C27BF8559A241611551E279 /* Debug */ = {
			isa = XCBuildConfiguration;
			buildSettings = {
				ASSETCATALOG_COMPILER_APPICON_NAME = AppIcon;
				CODE_SIGN_ENTITLEMENTS = PlaceNotes/PlaceNotes.entitlements;
				CODE_SIGN_IDENTITY = "iPhone Developer";
				CURRENT_PROJECT_VERSION = 1;
				INFOPLIST_FILE = PlaceNotes/Info.plist;
				LD_RUNPATH_SEARCH_PATHS = (
					"$(inherited)",
					"@executable_path/Frameworks",
				);
				MARKETING_VERSION = 1.0.0;
				PRODUCT_BUNDLE_IDENTIFIER = com.placenotes.app;
				SDKROOT = iphoneos;
				TARGETED_DEVICE_FAMILY = "1,2";
			};
			name = Debug;
		};
		863D4C6193F2FE2F0617612D /* Release */ = {
			isa = XCBuildConfiguration;
			buildSettings = {
				ASSETCATALOG_COMPILER_APPICON_NAME = AppIcon;
				CODE_SIGN_ENTITLEMENTS = PlaceNotes/PlaceNotes.entitlements;
				CODE_SIGN_IDENTITY = "iPhone Developer";
				CURRENT_PROJECT_VERSION = 1;
				INFOPLIST_FILE = PlaceNotes/Info.plist;
				LD_RUNPATH_SEARCH_PATHS = (
					"$(inherited)",
					"@executable_path/Frameworks",
				);
				MARKETING_VERSION = 1.0.0;
				PRODUCT_BUNDLE_IDENTIFIER = com.placenotes.app;
				SDKROOT = iphoneos;
				TARGETED_DEVICE_FAMILY = "1,2";
			};
			name = Release;
		};
		D3C1B4343EEE247ECFFBD1A8 /* Debug */ = {
			isa = XCBuildConfiguration;
			buildSettings = {
				ALWAYS_SEARCH_USER_PATHS = NO;
				CLANG_ANALYZER_NONNULL = YES;
				CLANG_ANALYZER_NUMBER_OBJECT_CONVERSION = YES_AGGRESSIVE;
				CLANG_CXX_LANGUAGE_STANDARD = "gnu++14";
				CLANG_CXX_LIBRARY = "libc++";
				CLANG_ENABLE_MODULES = YES;
				CLANG_ENABLE_OBJC_ARC = YES;
				CLANG_ENABLE_OBJC_WEAK = YES;
				CLANG_WARN_BLOCK_CAPTURE_AUTORELEASING = YES;
				CLANG_WARN_BOOL_CONVERSION = YES;
				CLANG_WARN_COMMA = YES;
				CLANG_WARN_CONSTANT_CONVERSION = YES;
				CLANG_WARN_DEPRECATED_OBJC_IMPLEMENTATIONS = YES;
				CLANG_WARN_DIRECT_OBJC_ISA_USAGE = YES_ERROR;
				CLANG_WARN_DOCUMENTATION_COMMENTS = YES;
				CLANG_WARN_EMPTY_BODY = YES;
				CLANG_WARN_ENUM_CONVERSION = YES;
				CLANG_WARN_INFINITE_RECURSION = YES;
				CLANG_WARN_INT_CONVERSION = YES;
				CLANG_WARN_NON_LITERAL_NULL_CONVERSION = YES;
				CLANG_WARN_OBJC_IMPLICIT_RETAIN_SELF = YES;
				CLANG_WARN_OBJC_LITERAL_CONVERSION = YES;
				CLANG_WARN_OBJC_ROOT_CLASS = YES_ERROR;
				CLANG_WARN_QUOTED_INCLUDE_IN_FRAMEWORK_HEADER = YES;
				CLANG_WARN_RANGE_LOOP_ANALYSIS = YES;
				CLANG_WARN_STRICT_PROTOTYPES = YES;
				CLANG_WARN_SUSPICIOUS_MOVE = YES;
				CLANG_WARN_UNGUARDED_AVAILABILITY = YES_AGGRESSIVE;
				CLANG_WARN_UNREACHABLE_CODE = YES;
				CLANG_WARN__DUPLICATE_METHOD_MATCH = YES;
				COPY_PHASE_STRIP = NO;
				DEBUG_INFORMATION_FORMAT = dwarf;
				ENABLE_STRICT_OBJC_MSGSEND = YES;
				ENABLE_TESTABILITY = YES;
				ENABLE_USER_SCRIPT_SANDBOXING = YES;
				GCC_C_LANGUAGE_STANDARD = gnu11;
				GCC_DYNAMIC_NO_PIC = NO;
				GCC_NO_COMMON_BLOCKS = YES;
				GCC_OPTIMIZATION_LEVEL = 0;
				GCC_PREPROCESSOR_DEFINITIONS = (
					"$(inherited)",
					"DEBUG=1",
				);
				GCC_WARN_64_TO_32_BIT_CONVERSION = YES;
				GCC_WARN_ABOUT_RETURN_TYPE = YES_ERROR;
				GCC_WARN_UNDECLARED_SELECTOR = YES;
				GCC_WARN_UNINITIALIZED_AUTOS = YES_AGGRESSIVE;
				GCC_WARN_UNUSED_FUNCTION = YES;
				GCC_WARN_UNUSED_VARIABLE = YES;
				IPHONEOS_DEPLOYMENT_TARGET = 17.0;
				MTL_ENABLE_DEBUG_INFO = INCLUDE_SOURCE;
				MTL_FAST_MATH = YES;
				ONLY_ACTIVE_ARCH = YES;
				PRODUCT_NAME = "$(TARGET_NAME)";
				SDKROOT = iphoneos;
				STRING_CATALOG_GENERATE_SYMBOLS = YES;
				SWIFT_ACTIVE_COMPILATION_CONDITIONS = DEBUG;
				SWIFT_OPTIMIZATION_LEVEL = "-Onone";
				SWIFT_VERSION = 5.9;
				TARGETED_DEVICE_FAMILY = "1,2";
			};
			name = Debug;
		};
/* End XCBuildConfiguration section */

/* Begin XCConfigurationList section */
		4395887B2381E00BFEA0BE06 /* Build configuration list for PBXNativeTarget "PlaceNotes" */ = {
			isa = XCConfigurationList;
			buildConfigurations = (
				5C27BF8559A241611551E279 /* Debug */,
				863D4C6193F2FE2F0617612D /* Release */,
			);
			defaultConfigurationIsVisible = 0;
			defaultConfigurationName = Debug;
		};
		CFA25DC04787B43912192604 /* Build configuration list for PBXProject "PlaceNotes" */ = {
			isa = XCConfigurationList;
			buildConfigurations = (
				D3C1B4343EEE247ECFFBD1A8 /* Debug */,
				251014A11C94736A381A2B98 /* Release */,
			);
			defaultConfigurationIsVisible = 0;
			defaultConfigurationName = Debug;
		};
/* End XCConfigurationList section */
	};
	rootObject = 3A8DA864C14EEF5EC75A0F91 /* Project object */;
}
